
Microsoft Visual Studio Solution File, Format Version 12.00
# Visual Studio 14
VisualStudioVersion = 14.0.23107.0
MinimumVisualStudioVersion = 10.0.40219.1
Project("{FAE04EC0-301F-11D3-BF4B-00C04F79EFBC}") = "Binding2DBwithCustomObjects", "Binding2DBwithCustomObjects\Binding2DBwithCustomObjects.csproj", "{21D90118-7086-4017-9B1D-F00F4F210ED7}"
EndProject
Project("{FAE04EC0-301F-11D3-BF4B-00C04F79EFBC}") = "DataBaseConnect", "DataBaseConnect\DataBaseConnect.csproj", "{984B6AF6-B412-488A-B8DB-8DB61DD9AADC}"
EndProject
Project("{FAE04EC0-301F-11D3-BF4B-00C04F79EFBC}") = "StoreDatabaseXML", "StoreDatabaseXML\StoreDatabaseXML.csproj", "{E0BEF018-8722-4B11-ACBA-5C6C5E7102D6}"
EndProject
Project("{FAE04EC0-301F-11D3-BF4B-00C04F79EFBC}") = "Binding2XMLwithCustomObjects", "Binding2XMLwithCustomObjects\Binding2XMLwithCustomObjects.csproj", "{73A67C02-6299-4C4C-A833-9B132A25C7EF}"
EndProject
Project("{2150E333-8FDC-42A3-9474-1A3956D46DE8}") = "Solution Items", "Solution Items", "{35A3A534-54EE-46B1-AF7B-3C2C5536942B}"
	ProjectSection(SolutionItems) = preProject
		SQLQuery1.sql = SQLQuery1.sql
	EndProjectSection
EndProject
Project("{FAE04EC0-301F-11D3-BF4B-00C04F79EFBC}") = "DataBinding", "DataBindingDB\DataBinding.csproj", "{5A23CBD0-ED5F-4838-81FA-F3E582EFAF98}"
EndProject
Global
	GlobalSection(SolutionConfigurationPlatforms) = preSolution
		Debug|Any CPU = Debug|Any CPU
		Debug|Mixed Platforms = Debug|Mixed Platforms
		Debug|x86 = Debug|x86
		Release|Any CPU = Release|Any CPU
		Release|Mixed Platforms = Release|Mixed Platforms
		Release|x86 = Release|x86
	EndGlobalSection
	GlobalSection(ProjectConfigurationPlatforms) = postSolution
		{21D90118-7086-4017-9B1D-F00F4F210ED7}.Debug|Any CPU.ActiveCfg = Debug|x86
		{21D90118-7086-4017-9B1D-F00F4F210ED7}.Debug|Mixed Platforms.ActiveCfg = Debug|x86
		{21D90118-7086-4017-9B1D-F00F4F210ED7}.Debug|Mixed Platforms.Build.0 = Debug|x86
		{21D90118-7086-4017-9B1D-F00F4F210ED7}.Debug|x86.ActiveCfg = Debug|x86
		{21D90118-7086-4017-9B1D-F00F4F210ED7}.Debug|x86.Build.0 = Debug|x86
		{21D90118-7086-4017-9B1D-F00F4F210ED7}.Release|Any CPU.ActiveCfg = Release|x86
		{21D90118-7086-4017-9B1D-F00F4F210ED7}.Release|Mixed Platforms.ActiveCfg = Release|x86
		{21D90118-7086-4017-9B1D-F00F4F210ED7}.Release|Mixed Platforms.Build.0 = Release|x86
		{21D90118-7086-4017-9B1D-F00F4F210ED7}.Release|x86.ActiveCfg = Release|x86
		{21D90118-7086-4017-9B1D-F00F4F210ED7}.Release|x86.Build.0 = Release|x86
		{984B6AF6-B412-488A-B8DB-8DB61DD9AADC}.Debug|Any CPU.ActiveCfg = Debug|Any CPU
		{984B6AF6-B412-488A-B8DB-8DB61DD9AADC}.Debug|Any CPU.Build.0 = Debug|Any CPU
		{984B6AF6-B412-488A-B8DB-8DB61DD9AADC}.Debug|Mixed Platforms.ActiveCfg = Debug|Any CPU
		{984B6AF6-B412-488A-B8DB-8DB61DD9AADC}.Debug|Mixed Platforms.Build.0 = Debug|Any CPU
		{984B6AF6-B412-488A-B8DB-8DB61DD9AADC}.Debug|x86.ActiveCfg = Debug|Any CPU
		{984B6AF6-B412-488A-B8DB-8DB61DD9AADC}.Release|Any CPU.ActiveCfg = Release|Any CPU
		{984B6AF6-B412-488A-B8DB-8DB61DD9AADC}.Release|Any CPU.Build.0 = Release|Any CPU
		{984B6AF6-B412-488A-B8DB-8DB61DD9AADC}.Release|Mixed Platforms.ActiveCfg = Release|Any CPU
		{984B6AF6-B412-488A-B8DB-8DB61DD9AADC}.Release|Mixed Platforms.Build.0 = Release|Any CPU
		{984B6AF6-B412-488A-B8DB-8DB61DD9AADC}.Release|x86.ActiveCfg = Release|Any CPU
		{E0BEF018-8722-4B11-ACBA-5C6C5E7102D6}.Debug|Any CPU.ActiveCfg = Debug|Any CPU
		{E0BEF018-8722-4B11-ACBA-5C6C5E7102D6}.Debug|Any CPU.Build.0 = Debug|Any CPU
		{E0BEF018-8722-4B11-ACBA-5C6C5E7102D6}.Debug|Mixed Platforms.ActiveCfg = Debug|Any CPU
		{E0BEF018-8722-4B11-ACBA-5C6C5E7102D6}.Debug|Mixed Platforms.Build.0 = Debug|Any CPU
		{E0BEF018-8722-4B11-ACBA-5C6C5E7102D6}.Debug|x86.ActiveCfg = Debug|Any CPU
		{E0BEF018-8722-4B11-ACBA-5C6C5E7102D6}.Release|Any CPU.ActiveCfg = Release|Any CPU
		{E0BEF018-8722-4B11-ACBA-5C6C5E7102D6}.Release|Any CPU.Build.0 = Release|Any CPU
		{E0BEF018-8722-4B11-ACBA-5C6C5E7102D6}.Release|Mixed Platforms.ActiveCfg = Release|Any CPU
		{E0BEF018-8722-4B11-ACBA-5C6C5E7102D6}.Release|Mixed Platforms.Build.0 = Release|Any CPU
		{E0BEF018-8722-4B11-ACBA-5C6C5E7102D6}.Release|x86.ActiveCfg = Release|Any CPU
		{73A67C02-6299-4C4C-A833-9B132A25C7EF}.Debug|Any CPU.ActiveCfg = Debug|x86
		{73A67C02-6299-4C4C-A833-9B132A25C7EF}.Debug|Mixed Platforms.ActiveCfg = Debug|x86
		{73A67C02-6299-4C4C-A833-9B132A25C7EF}.Debug|Mixed Platforms.Build.0 = Debug|x86
		{73A67C02-6299-4C4C-A833-9B132A25C7EF}.Debug|x86.ActiveCfg = Debug|x86
		{73A67C02-6299-4C4C-A833-9B132A25C7EF}.Debug|x86.Build.0 = Debug|x86
		{73A67C02-6299-4C4C-A833-9B132A25C7EF}.Release|Any CPU.ActiveCfg = Release|x86
		{73A67C02-6299-4C4C-A833-9B132A25C7EF}.Release|Mixed Platforms.ActiveCfg = Release|x86
		{73A67C02-6299-4C4C-A833-9B132A25C7EF}.Release|Mixed Platforms.Build.0 = Release|x86
		{73A67C02-6299-4C4C-A833-9B132A25C7EF}.Release|x86.ActiveCfg = Release|x86
		{73A67C02-6299-4C4C-A833-9B132A25C7EF}.Release|x86.Build.0 = Release|x86
		{5A23CBD0-ED5F-4838-81FA-F3E582EFAF98}.Debug|Any CPU.ActiveCfg = Debug|Any CPU
		{5A23CBD0-ED5F-4838-81FA-F3E582EFAF98}.Debug|Any CPU.Build.0 = Debug|Any CPU
		{5A23CBD0-ED5F-4838-81FA-F3E582EFAF98}.Debug|Mixed Platforms.ActiveCfg = Debug|Any CPU
		{5A23CBD0-ED5F-4838-81FA-F3E582EFAF98}.Debug|Mixed Platforms.Build.0 = Debug|Any CPU
		{5A23CBD0-ED5F-4838-81FA-F3E582EFAF98}.Debug|x86.ActiveCfg = Debug|Any CPU
		{5A23CBD0-ED5F-4838-81FA-F3E582EFAF98}.Debug|x86.Build.0 = Debug|Any CPU
		{5A23CBD0-ED5F-4838-81FA-F3E582EFAF98}.Release|Any CPU.ActiveCfg = Release|Any CPU
		{5A23CBD0-ED5F-4838-81FA-F3E582EFAF98}.Release|Any CPU.Build.0 = Release|Any CPU
		{5A23CBD0-ED5F-4838-81FA-F3E582EFAF98}.Release|Mixed Platforms.ActiveCfg = Release|Any CPU
		{5A23CBD0-ED5F-4838-81FA-F3E582EFAF98}.Release|Mixed Platforms.Build.0 = Release|Any CPU
		{5A23CBD0-ED5F-4838-81FA-F3E582EFAF98}.Release|x86.ActiveCfg = Release|Any CPU
		{5A23CBD0-ED5F-4838-81FA-F3E582EFAF98}.Release|x86.Build.0 = Release|Any CPU
	EndGlobalSection
	GlobalSection(SolutionProperties) = preSolution
		HideSolutionNode = FALSE
	EndGlobalSection
EndGlobal
