
Microsoft Visual Studio Solution File, Format Version 12.00
# Visual Studio 14
VisualStudioVersion = 14.0.25420.1
MinimumVisualStudioVersion = 10.0.40219.1
Project("{2150E333-8FDC-42A3-9474-1A3956D46DE8}") = "HelloWorld", "HelloWorld", "{54C18497-B151-428E-A4D8-CE56E4F24B0D}"
	ProjectSection(SolutionItems) = preProject
		HelloWorld\01 GUI lab - Hello World.pdf = HelloWorld\01 GUI lab - Hello World.pdf
	EndProjectSection
EndProject
Project("{2150E333-8FDC-42A3-9474-1A3956D46DE8}") = "Deltagerliste", "Deltagerliste", "{6AF23EFC-70C7-4571-BAD8-CB575E04797C}"
	ProjectSection(SolutionItems) = preProject
		Deltagerliste\02-2 Deltagerliste-WPF.pdf = Deltagerliste\02-2 Deltagerliste-WPF.pdf
		Deltagerliste\deltagerliste.csv = Deltagerliste\deltagerliste.csv
	EndProjectSection
EndProject
Project("{2150E333-8FDC-42A3-9474-1A3956D46DE8}") = "HullSpeed", "HullSpeed", "{B8CB63C9-0265-4E09-A379-53EA5C9ABC23}"
	ProjectSection(SolutionItems) = preProject
		HullSpeed\03 Hull Speed.pdf = HullSpeed\03 Hull Speed.pdf
		HullSpeed\Sailboat.cs = HullSpeed\Sailboat.cs
		HullSpeed\Sailboat.jpg = HullSpeed\Sailboat.jpg
	EndProjectSection
EndProject
Project("{2150E333-8FDC-42A3-9474-1A3956D46DE8}") = "HullSpeedEx", "HullSpeedEx", "{ABE28AE8-35A6-4511-A889-3245282BD48B}"
	ProjectSection(SolutionItems) = preProject
		HullSpeedEx\04 Hull Speed Ex.pdf = HullSpeedEx\04 Hull Speed Ex.pdf
	EndProjectSection
EndProject
Project("{2150E333-8FDC-42A3-9474-1A3956D46DE8}") = "BabyNames", "BabyNames", "{FC320733-3522-4397-BE73-2D38E22E0AA8}"
	ProjectSection(SolutionItems) = preProject
		BabyNames\05-BabyNames.pdf = BabyNames\05-BabyNames.pdf
		BabyNames\BabyName.cs = BabyNames\BabyName.cs
		BabyNames\babynames.txt = BabyNames\babynames.txt
	EndProjectSection
EndProject
Project("{2150E333-8FDC-42A3-9474-1A3956D46DE8}") = "AgentAssignment", "AgentAssignment", "{C1B73F29-7711-43CB-BC00-80D673C19EE5}"
	ProjectSection(SolutionItems) = preProject
		AgentAssignment\06 AgentAssignment.pdf = AgentAssignment\06 AgentAssignment.pdf
		AgentAssignment\Agent.cs = AgentAssignment\Agent.cs
		AgentAssignment\RelayCommand.cs = AgentAssignment\RelayCommand.cs
	EndProjectSection
EndProject
Project("{2150E333-8FDC-42A3-9474-1A3956D46DE8}") = "AgentAssignment2", "AgentAssignment2", "{B482C13E-44E7-4A9F-8754-B988916951E6}"
	ProjectSection(SolutionItems) = preProject
		AgentAssignment2\07 AgentAssignment2.pdf = AgentAssignment2\07 AgentAssignment2.pdf
	EndProjectSection
EndProject
Project("{2150E333-8FDC-42A3-9474-1A3956D46DE8}") = "Solutions", "Solutions", "{88352A2B-B0ED-4E41-8AF0-F9C848E376C3}"
EndProject
Project("{2150E333-8FDC-42A3-9474-1A3956D46DE8}") = "AgentAssignment", "AgentAssignment", "{66BF6F83-90B5-443A-B257-8A7D7BB460CE}"
EndProject
Project("{2150E333-8FDC-42A3-9474-1A3956D46DE8}") = "BabyNames", "BabyNames", "{17488111-768E-48D2-94BF-2A4AE26F91BC}"
EndProject
Project("{2150E333-8FDC-42A3-9474-1A3956D46DE8}") = "Deltagerliste", "Deltagerliste", "{CF9E2169-5788-46FE-998C-3DF4D5948F1C}"
EndProject
Project("{2150E333-8FDC-42A3-9474-1A3956D46DE8}") = "HelloWorld", "HelloWorld", "{21A6E7B0-B499-40C8-8116-447BFDCB7E94}"
EndProject
Project("{2150E333-8FDC-42A3-9474-1A3956D46DE8}") = "HullSpeed", "HullSpeed", "{091A5F9B-9C94-4573-A6B4-4C0BB4722F1E}"
EndProject
Project("{2150E333-8FDC-42A3-9474-1A3956D46DE8}") = "HullSpeedEx", "HullSpeedEx", "{A8221980-F06B-420B-9785-24ECA673FC03}"
EndProject
Project("{FAE04EC0-301F-11D3-BF4B-00C04F79EFBC}") = "Lab1", "Solutions\05AgentAssignmentLab\Lab1\Lab1.csproj", "{95051F09-EBE8-4A7D-A552-46BE3A94ABCD}"
EndProject
Project("{FAE04EC0-301F-11D3-BF4B-00C04F79EFBC}") = "Lab2", "Solutions\05AgentAssignmentLab\Lab2\Lab2.csproj", "{52793125-0DFA-4939-AC63-1FBFCA412352}"
EndProject
Project("{FAE04EC0-301F-11D3-BF4B-00C04F79EFBC}") = "Lab3", "Solutions\05AgentAssignmentLab\Lab3\Lab3.csproj", "{08242D61-73B9-4DDC-9B19-0C42A08190D1}"
EndProject
Project("{FAE04EC0-301F-11D3-BF4B-00C04F79EFBC}") = "Lab4", "Solutions\05AgentAssignmentLab\Lab4\Lab4.csproj", "{709A1969-97D8-42B6-B062-5DB1F2508C13}"
EndProject
Project("{FAE04EC0-301F-11D3-BF4B-00C04F79EFBC}") = "Lab5", "Solutions\05AgentAssignmentLab\Lab5\Lab5.csproj", "{69C25DA5-A11D-40D9-98B3-6EC8AFCA93A6}"
EndProject
Project("{FAE04EC0-301F-11D3-BF4B-00C04F79EFBC}") = "Lab5Alternativ", "Solutions\05AgentAssignmentLab\Lab5Alternativ\Lab5Alternativ.csproj", "{094F8286-B565-4D66-A0F3-B6CFF70896F2}"
EndProject
Project("{FAE04EC0-301F-11D3-BF4B-00C04F79EFBC}") = "Lab6", "Solutions\05AgentAssignmentLab\Lab6\Lab6.csproj", "{B9CC9704-EA07-4734-8CD1-10002C6A304C}"
EndProject
Project("{FAE04EC0-301F-11D3-BF4B-00C04F79EFBC}") = "Lab1", "Solutions\04BabyNames\Lab1\Lab1.csproj", "{B2430F8E-97A3-4574-8510-124A1DF356D5}"
EndProject
Project("{FAE04EC0-301F-11D3-BF4B-00C04F79EFBC}") = "Lab2", "Solutions\04BabyNames\Lab2\Lab2.csproj", "{AE725EFD-0289-4F41-A3C2-5DEFC585503E}"
EndProject
Project("{FAE04EC0-301F-11D3-BF4B-00C04F79EFBC}") = "Lab3", "Solutions\04BabyNames\Lab3\Lab3.csproj", "{11D2F3A1-7069-4F23-85E8-5EBCB1A0313E}"
EndProject
Project("{FAE04EC0-301F-11D3-BF4B-00C04F79EFBC}") = "Lab4", "Solutions\04BabyNames\Lab4\Lab4.csproj", "{7DC68F8C-E8B9-4E09-AD48-43ED2C462E9D}"
EndProject
Project("{FAE04EC0-301F-11D3-BF4B-00C04F79EFBC}") = "Delopgave1", "Solutions\02DeltagerlisteWPF\Delopgave1\Delopgave1.csproj", "{0F0DECF0-B489-41B0-A1E1-756120087E9E}"
EndProject
Project("{FAE04EC0-301F-11D3-BF4B-00C04F79EFBC}") = "Delopgave2", "Solutions\02DeltagerlisteWPF\Delopgave2\Delopgave2.csproj", "{C0267288-B42E-4D1A-8F83-47EFA34846A7}"
EndProject
Project("{FAE04EC0-301F-11D3-BF4B-00C04F79EFBC}") = "Delopgave3", "Solutions\02DeltagerlisteWPF\Delopgave3\Delopgave3.csproj", "{74481D13-3B63-490A-B9DB-443946FF6CB2}"
EndProject
Project("{FAE04EC0-301F-11D3-BF4B-00C04F79EFBC}") = "Delopgave3_alternativ", "Solutions\02DeltagerlisteWPF\Delopgave3_alternativ\Delopgave3_alternativ.csproj", "{A1440FDD-CFEB-47FE-BE6B-317817311D95}"
EndProject
Project("{FAE04EC0-301F-11D3-BF4B-00C04F79EFBC}") = "Lab3", "Solutions\01HelloWorld\Lab3\Lab3.csproj", "{B586B1F5-E33C-42A9-B0F9-F316DFF0325E}"
EndProject
Project("{FAE04EC0-301F-11D3-BF4B-00C04F79EFBC}") = "Lab4", "Solutions\01HelloWorld\Lab4\Lab4.csproj", "{62B3C076-36E4-4CF1-9128-79D620F30505}"
EndProject
Project("{FAE04EC0-301F-11D3-BF4B-00C04F79EFBC}") = "Lab5", "Solutions\01HelloWorld\Lab5\Lab5.csproj", "{D79DBDF2-3E09-4B49-8E61-43E8DE487148}"
EndProject
Project("{FAE04EC0-301F-11D3-BF4B-00C04F79EFBC}") = "Lab1", "Solutions\03aHullSpeed\Lab1\Lab1.csproj", "{B8D45D47-D50A-4ABA-AB8D-473E6C5A1AF5}"
EndProject
Project("{FAE04EC0-301F-11D3-BF4B-00C04F79EFBC}") = "Lab2", "Solutions\03aHullSpeed\Lab2\Lab2.csproj", "{6D7F294E-4918-408F-A4FE-909DE132A99F}"
EndProject
Project("{FAE04EC0-301F-11D3-BF4B-00C04F79EFBC}") = "Lab3", "Solutions\03aHullSpeed\Lab3\Lab3.csproj", "{B16ADC07-248E-46CB-83F6-97AC8E6258CC}"
EndProject
Project("{FAE04EC0-301F-11D3-BF4B-00C04F79EFBC}") = "Lab1", "Solutions\03bHullSpeedEx\Lab1\Lab1.csproj", "{C07BAA3C-7788-4B13-9707-763ECEAD949E}"
EndProject
Project("{FAE04EC0-301F-11D3-BF4B-00C04F79EFBC}") = "Lab2", "Solutions\03bHullSpeedEx\Lab2\Lab2.csproj", "{F0C1BEBE-82E8-4358-90C0-91F02E954968}"
EndProject
Global
	GlobalSection(SolutionConfigurationPlatforms) = preSolution
		Debug|Any CPU = Debug|Any CPU
		Debug|x86 = Debug|x86
		Release|Any CPU = Release|Any CPU
		Release|x86 = Release|x86
	EndGlobalSection
	GlobalSection(ProjectConfigurationPlatforms) = postSolution
		{95051F09-EBE8-4A7D-A552-46BE3A94ABCD}.Debug|Any CPU.ActiveCfg = Debug|x86
		{95051F09-EBE8-4A7D-A552-46BE3A94ABCD}.Debug|x86.ActiveCfg = Debug|x86
		{95051F09-EBE8-4A7D-A552-46BE3A94ABCD}.Debug|x86.Build.0 = Debug|x86
		{95051F09-EBE8-4A7D-A552-46BE3A94ABCD}.Release|Any CPU.ActiveCfg = Release|x86
		{95051F09-EBE8-4A7D-A552-46BE3A94ABCD}.Release|x86.ActiveCfg = Release|x86
		{95051F09-EBE8-4A7D-A552-46BE3A94ABCD}.Release|x86.Build.0 = Release|x86
		{52793125-0DFA-4939-AC63-1FBFCA412352}.Debug|Any CPU.ActiveCfg = Debug|x86
		{52793125-0DFA-4939-AC63-1FBFCA412352}.Debug|x86.ActiveCfg = Debug|x86
		{52793125-0DFA-4939-AC63-1FBFCA412352}.Debug|x86.Build.0 = Debug|x86
		{52793125-0DFA-4939-AC63-1FBFCA412352}.Release|Any CPU.ActiveCfg = Release|x86
		{52793125-0DFA-4939-AC63-1FBFCA412352}.Release|x86.ActiveCfg = Release|x86
		{52793125-0DFA-4939-AC63-1FBFCA412352}.Release|x86.Build.0 = Release|x86
		{08242D61-73B9-4DDC-9B19-0C42A08190D1}.Debug|Any CPU.ActiveCfg = Debug|x86
		{08242D61-73B9-4DDC-9B19-0C42A08190D1}.Debug|x86.ActiveCfg = Debug|x86
		{08242D61-73B9-4DDC-9B19-0C42A08190D1}.Debug|x86.Build.0 = Debug|x86
		{08242D61-73B9-4DDC-9B19-0C42A08190D1}.Release|Any CPU.ActiveCfg = Release|x86
		{08242D61-73B9-4DDC-9B19-0C42A08190D1}.Release|x86.ActiveCfg = Release|x86
		{08242D61-73B9-4DDC-9B19-0C42A08190D1}.Release|x86.Build.0 = Release|x86
		{709A1969-97D8-42B6-B062-5DB1F2508C13}.Debug|Any CPU.ActiveCfg = Debug|x86
		{709A1969-97D8-42B6-B062-5DB1F2508C13}.Debug|x86.ActiveCfg = Debug|x86
		{709A1969-97D8-42B6-B062-5DB1F2508C13}.Debug|x86.Build.0 = Debug|x86
		{709A1969-97D8-42B6-B062-5DB1F2508C13}.Release|Any CPU.ActiveCfg = Release|x86
		{709A1969-97D8-42B6-B062-5DB1F2508C13}.Release|x86.ActiveCfg = Release|x86
		{709A1969-97D8-42B6-B062-5DB1F2508C13}.Release|x86.Build.0 = Release|x86
		{69C25DA5-A11D-40D9-98B3-6EC8AFCA93A6}.Debug|Any CPU.ActiveCfg = Debug|x86
		{69C25DA5-A11D-40D9-98B3-6EC8AFCA93A6}.Debug|x86.ActiveCfg = Debug|x86
		{69C25DA5-A11D-40D9-98B3-6EC8AFCA93A6}.Debug|x86.Build.0 = Debug|x86
		{69C25DA5-A11D-40D9-98B3-6EC8AFCA93A6}.Release|Any CPU.ActiveCfg = Release|x86
		{69C25DA5-A11D-40D9-98B3-6EC8AFCA93A6}.Release|x86.ActiveCfg = Release|x86
		{69C25DA5-A11D-40D9-98B3-6EC8AFCA93A6}.Release|x86.Build.0 = Release|x86
		{094F8286-B565-4D66-A0F3-B6CFF70896F2}.Debug|Any CPU.ActiveCfg = Debug|x86
		{094F8286-B565-4D66-A0F3-B6CFF70896F2}.Debug|x86.ActiveCfg = Debug|x86
		{094F8286-B565-4D66-A0F3-B6CFF70896F2}.Debug|x86.Build.0 = Debug|x86
		{094F8286-B565-4D66-A0F3-B6CFF70896F2}.Release|Any CPU.ActiveCfg = Release|x86
		{094F8286-B565-4D66-A0F3-B6CFF70896F2}.Release|x86.ActiveCfg = Release|x86
		{094F8286-B565-4D66-A0F3-B6CFF70896F2}.Release|x86.Build.0 = Release|x86
		{B9CC9704-EA07-4734-8CD1-10002C6A304C}.Debug|Any CPU.ActiveCfg = Debug|x86
		{B9CC9704-EA07-4734-8CD1-10002C6A304C}.Debug|x86.ActiveCfg = Debug|x86
		{B9CC9704-EA07-4734-8CD1-10002C6A304C}.Debug|x86.Build.0 = Debug|x86
		{B9CC9704-EA07-4734-8CD1-10002C6A304C}.Release|Any CPU.ActiveCfg = Release|x86
		{B9CC9704-EA07-4734-8CD1-10002C6A304C}.Release|x86.ActiveCfg = Release|x86
		{B9CC9704-EA07-4734-8CD1-10002C6A304C}.Release|x86.Build.0 = Release|x86
		{B2430F8E-97A3-4574-8510-124A1DF356D5}.Debug|Any CPU.ActiveCfg = Debug|Any CPU
		{B2430F8E-97A3-4574-8510-124A1DF356D5}.Debug|Any CPU.Build.0 = Debug|Any CPU
		{B2430F8E-97A3-4574-8510-124A1DF356D5}.Debug|x86.ActiveCfg = Debug|Any CPU
		{B2430F8E-97A3-4574-8510-124A1DF356D5}.Debug|x86.Build.0 = Debug|Any CPU
		{B2430F8E-97A3-4574-8510-124A1DF356D5}.Release|Any CPU.ActiveCfg = Release|Any CPU
		{B2430F8E-97A3-4574-8510-124A1DF356D5}.Release|Any CPU.Build.0 = Release|Any CPU
		{B2430F8E-97A3-4574-8510-124A1DF356D5}.Release|x86.ActiveCfg = Release|Any CPU
		{B2430F8E-97A3-4574-8510-124A1DF356D5}.Release|x86.Build.0 = Release|Any CPU
		{AE725EFD-0289-4F41-A3C2-5DEFC585503E}.Debug|Any CPU.ActiveCfg = Debug|Any CPU
		{AE725EFD-0289-4F41-A3C2-5DEFC585503E}.Debug|Any CPU.Build.0 = Debug|Any CPU
		{AE725EFD-0289-4F41-A3C2-5DEFC585503E}.Debug|x86.ActiveCfg = Debug|Any CPU
		{AE725EFD-0289-4F41-A3C2-5DEFC585503E}.Debug|x86.Build.0 = Debug|Any CPU
		{AE725EFD-0289-4F41-A3C2-5DEFC585503E}.Release|Any CPU.ActiveCfg = Release|Any CPU
		{AE725EFD-0289-4F41-A3C2-5DEFC585503E}.Release|Any CPU.Build.0 = Release|Any CPU
		{AE725EFD-0289-4F41-A3C2-5DEFC585503E}.Release|x86.ActiveCfg = Release|Any CPU
		{AE725EFD-0289-4F41-A3C2-5DEFC585503E}.Release|x86.Build.0 = Release|Any CPU
		{11D2F3A1-7069-4F23-85E8-5EBCB1A0313E}.Debug|Any CPU.ActiveCfg = Debug|Any CPU
		{11D2F3A1-7069-4F23-85E8-5EBCB1A0313E}.Debug|Any CPU.Build.0 = Debug|Any CPU
		{11D2F3A1-7069-4F23-85E8-5EBCB1A0313E}.Debug|x86.ActiveCfg = Debug|Any CPU
		{11D2F3A1-7069-4F23-85E8-5EBCB1A0313E}.Debug|x86.Build.0 = Debug|Any CPU
		{11D2F3A1-7069-4F23-85E8-5EBCB1A0313E}.Release|Any CPU.ActiveCfg = Release|Any CPU
		{11D2F3A1-7069-4F23-85E8-5EBCB1A0313E}.Release|Any CPU.Build.0 = Release|Any CPU
		{11D2F3A1-7069-4F23-85E8-5EBCB1A0313E}.Release|x86.ActiveCfg = Release|Any CPU
		{11D2F3A1-7069-4F23-85E8-5EBCB1A0313E}.Release|x86.Build.0 = Release|Any CPU
		{7DC68F8C-E8B9-4E09-AD48-43ED2C462E9D}.Debug|Any CPU.ActiveCfg = Debug|Any CPU
		{7DC68F8C-E8B9-4E09-AD48-43ED2C462E9D}.Debug|Any CPU.Build.0 = Debug|Any CPU
		{7DC68F8C-E8B9-4E09-AD48-43ED2C462E9D}.Debug|x86.ActiveCfg = Debug|Any CPU
		{7DC68F8C-E8B9-4E09-AD48-43ED2C462E9D}.Debug|x86.Build.0 = Debug|Any CPU
		{7DC68F8C-E8B9-4E09-AD48-43ED2C462E9D}.Release|Any CPU.ActiveCfg = Release|Any CPU
		{7DC68F8C-E8B9-4E09-AD48-43ED2C462E9D}.Release|Any CPU.Build.0 = Release|Any CPU
		{7DC68F8C-E8B9-4E09-AD48-43ED2C462E9D}.Release|x86.ActiveCfg = Release|Any CPU
		{7DC68F8C-E8B9-4E09-AD48-43ED2C462E9D}.Release|x86.Build.0 = Release|Any CPU
		{0F0DECF0-B489-41B0-A1E1-756120087E9E}.Debug|Any CPU.ActiveCfg = Debug|x86
		{0F0DECF0-B489-41B0-A1E1-756120087E9E}.Debug|x86.ActiveCfg = Debug|x86
		{0F0DECF0-B489-41B0-A1E1-756120087E9E}.Debug|x86.Build.0 = Debug|x86
		{0F0DECF0-B489-41B0-A1E1-756120087E9E}.Release|Any CPU.ActiveCfg = Release|x86
		{0F0DECF0-B489-41B0-A1E1-756120087E9E}.Release|x86.ActiveCfg = Release|x86
		{0F0DECF0-B489-41B0-A1E1-756120087E9E}.Release|x86.Build.0 = Release|x86
		{C0267288-B42E-4D1A-8F83-47EFA34846A7}.Debug|Any CPU.ActiveCfg = Debug|x86
		{C0267288-B42E-4D1A-8F83-47EFA34846A7}.Debug|x86.ActiveCfg = Debug|x86
		{C0267288-B42E-4D1A-8F83-47EFA34846A7}.Debug|x86.Build.0 = Debug|x86
		{C0267288-B42E-4D1A-8F83-47EFA34846A7}.Release|Any CPU.ActiveCfg = Release|x86
		{C0267288-B42E-4D1A-8F83-47EFA34846A7}.Release|x86.ActiveCfg = Release|x86
		{C0267288-B42E-4D1A-8F83-47EFA34846A7}.Release|x86.Build.0 = Release|x86
		{74481D13-3B63-490A-B9DB-443946FF6CB2}.Debug|Any CPU.ActiveCfg = Debug|x86
		{74481D13-3B63-490A-B9DB-443946FF6CB2}.Debug|x86.ActiveCfg = Debug|x86
		{74481D13-3B63-490A-B9DB-443946FF6CB2}.Debug|x86.Build.0 = Debug|x86
		{74481D13-3B63-490A-B9DB-443946FF6CB2}.Release|Any CPU.ActiveCfg = Release|x86
		{74481D13-3B63-490A-B9DB-443946FF6CB2}.Release|x86.ActiveCfg = Release|x86
		{74481D13-3B63-490A-B9DB-443946FF6CB2}.Release|x86.Build.0 = Release|x86
		{A1440FDD-CFEB-47FE-BE6B-317817311D95}.Debug|Any CPU.ActiveCfg = Debug|Any CPU
		{A1440FDD-CFEB-47FE-BE6B-317817311D95}.Debug|Any CPU.Build.0 = Debug|Any CPU
		{A1440FDD-CFEB-47FE-BE6B-317817311D95}.Debug|x86.ActiveCfg = Debug|Any CPU
		{A1440FDD-CFEB-47FE-BE6B-317817311D95}.Debug|x86.Build.0 = Debug|Any CPU
		{A1440FDD-CFEB-47FE-BE6B-317817311D95}.Release|Any CPU.ActiveCfg = Release|Any CPU
		{A1440FDD-CFEB-47FE-BE6B-317817311D95}.Release|Any CPU.Build.0 = Release|Any CPU
		{A1440FDD-CFEB-47FE-BE6B-317817311D95}.Release|x86.ActiveCfg = Release|Any CPU
		{A1440FDD-CFEB-47FE-BE6B-317817311D95}.Release|x86.Build.0 = Release|Any CPU
		{B586B1F5-E33C-42A9-B0F9-F316DFF0325E}.Debug|Any CPU.ActiveCfg = Debug|Any CPU
		{B586B1F5-E33C-42A9-B0F9-F316DFF0325E}.Debug|Any CPU.Build.0 = Debug|Any CPU
		{B586B1F5-E33C-42A9-B0F9-F316DFF0325E}.Debug|x86.ActiveCfg = Debug|Any CPU
		{B586B1F5-E33C-42A9-B0F9-F316DFF0325E}.Debug|x86.Build.0 = Debug|Any CPU
		{B586B1F5-E33C-42A9-B0F9-F316DFF0325E}.Release|Any CPU.ActiveCfg = Release|Any CPU
		{B586B1F5-E33C-42A9-B0F9-F316DFF0325E}.Release|Any CPU.Build.0 = Release|Any CPU
		{B586B1F5-E33C-42A9-B0F9-F316DFF0325E}.Release|x86.ActiveCfg = Release|Any CPU
		{B586B1F5-E33C-42A9-B0F9-F316DFF0325E}.Release|x86.Build.0 = Release|Any CPU
		{62B3C076-36E4-4CF1-9128-79D620F30505}.Debug|Any CPU.ActiveCfg = Debug|Any CPU
		{62B3C076-36E4-4CF1-9128-79D620F30505}.Debug|Any CPU.Build.0 = Debug|Any CPU
		{62B3C076-36E4-4CF1-9128-79D620F30505}.Debug|x86.ActiveCfg = Debug|Any CPU
		{62B3C076-36E4-4CF1-9128-79D620F30505}.Debug|x86.Build.0 = Debug|Any CPU
		{62B3C076-36E4-4CF1-9128-79D620F30505}.Release|Any CPU.ActiveCfg = Release|Any CPU
		{62B3C076-36E4-4CF1-9128-79D620F30505}.Release|Any CPU.Build.0 = Release|Any CPU
		{62B3C076-36E4-4CF1-9128-79D620F30505}.Release|x86.ActiveCfg = Release|Any CPU
		{62B3C076-36E4-4CF1-9128-79D620F30505}.Release|x86.Build.0 = Release|Any CPU
		{D79DBDF2-3E09-4B49-8E61-43E8DE487148}.Debug|Any CPU.ActiveCfg = Debug|Any CPU
		{D79DBDF2-3E09-4B49-8E61-43E8DE487148}.Debug|Any CPU.Build.0 = Debug|Any CPU
		{D79DBDF2-3E09-4B49-8E61-43E8DE487148}.Debug|x86.ActiveCfg = Debug|Any CPU
		{D79DBDF2-3E09-4B49-8E61-43E8DE487148}.Debug|x86.Build.0 = Debug|Any CPU
		{D79DBDF2-3E09-4B49-8E61-43E8DE487148}.Release|Any CPU.ActiveCfg = Release|Any CPU
		{D79DBDF2-3E09-4B49-8E61-43E8DE487148}.Release|Any CPU.Build.0 = Release|Any CPU
		{D79DBDF2-3E09-4B49-8E61-43E8DE487148}.Release|x86.ActiveCfg = Release|Any CPU
		{D79DBDF2-3E09-4B49-8E61-43E8DE487148}.Release|x86.Build.0 = Release|Any CPU
		{B8D45D47-D50A-4ABA-AB8D-473E6C5A1AF5}.Debug|Any CPU.ActiveCfg = Debug|Any CPU
		{B8D45D47-D50A-4ABA-AB8D-473E6C5A1AF5}.Debug|Any CPU.Build.0 = Debug|Any CPU
		{B8D45D47-D50A-4ABA-AB8D-473E6C5A1AF5}.Debug|x86.ActiveCfg = Debug|Any CPU
		{B8D45D47-D50A-4ABA-AB8D-473E6C5A1AF5}.Debug|x86.Build.0 = Debug|Any CPU
		{B8D45D47-D50A-4ABA-AB8D-473E6C5A1AF5}.Release|Any CPU.ActiveCfg = Release|Any CPU
		{B8D45D47-D50A-4ABA-AB8D-473E6C5A1AF5}.Release|Any CPU.Build.0 = Release|Any CPU
		{B8D45D47-D50A-4ABA-AB8D-473E6C5A1AF5}.Release|x86.ActiveCfg = Release|Any CPU
		{B8D45D47-D50A-4ABA-AB8D-473E6C5A1AF5}.Release|x86.Build.0 = Release|Any CPU
		{6D7F294E-4918-408F-A4FE-909DE132A99F}.Debug|Any CPU.ActiveCfg = Debug|x86
		{6D7F294E-4918-408F-A4FE-909DE132A99F}.Debug|x86.ActiveCfg = Debug|x86
		{6D7F294E-4918-408F-A4FE-909DE132A99F}.Debug|x86.Build.0 = Debug|x86
		{6D7F294E-4918-408F-A4FE-909DE132A99F}.Release|Any CPU.ActiveCfg = Release|x86
		{6D7F294E-4918-408F-A4FE-909DE132A99F}.Release|x86.ActiveCfg = Release|x86
		{6D7F294E-4918-408F-A4FE-909DE132A99F}.Release|x86.Build.0 = Release|x86
		{B16ADC07-248E-46CB-83F6-97AC8E6258CC}.Debug|Any CPU.ActiveCfg = Debug|Any CPU
		{B16ADC07-248E-46CB-83F6-97AC8E6258CC}.Debug|Any CPU.Build.0 = Debug|Any CPU
		{B16ADC07-248E-46CB-83F6-97AC8E6258CC}.Debug|x86.ActiveCfg = Debug|Any CPU
		{B16ADC07-248E-46CB-83F6-97AC8E6258CC}.Debug|x86.Build.0 = Debug|Any CPU
		{B16ADC07-248E-46CB-83F6-97AC8E6258CC}.Release|Any CPU.ActiveCfg = Release|Any CPU
		{B16ADC07-248E-46CB-83F6-97AC8E6258CC}.Release|Any CPU.Build.0 = Release|Any CPU
		{B16ADC07-248E-46CB-83F6-97AC8E6258CC}.Release|x86.ActiveCfg = Release|Any CPU
		{B16ADC07-248E-46CB-83F6-97AC8E6258CC}.Release|x86.Build.0 = Release|Any CPU
		{C07BAA3C-7788-4B13-9707-763ECEAD949E}.Debug|Any CPU.ActiveCfg = Debug|Any CPU
		{C07BAA3C-7788-4B13-9707-763ECEAD949E}.Debug|Any CPU.Build.0 = Debug|Any CPU
		{C07BAA3C-7788-4B13-9707-763ECEAD949E}.Debug|x86.ActiveCfg = Debug|Any CPU
		{C07BAA3C-7788-4B13-9707-763ECEAD949E}.Debug|x86.Build.0 = Debug|Any CPU
		{C07BAA3C-7788-4B13-9707-763ECEAD949E}.Release|Any CPU.ActiveCfg = Release|Any CPU
		{C07BAA3C-7788-4B13-9707-763ECEAD949E}.Release|Any CPU.Build.0 = Release|Any CPU
		{C07BAA3C-7788-4B13-9707-763ECEAD949E}.Release|x86.ActiveCfg = Release|Any CPU
		{C07BAA3C-7788-4B13-9707-763ECEAD949E}.Release|x86.Build.0 = Release|Any CPU
		{F0C1BEBE-82E8-4358-90C0-91F02E954968}.Debug|Any CPU.ActiveCfg = Debug|x86
		{F0C1BEBE-82E8-4358-90C0-91F02E954968}.Debug|x86.ActiveCfg = Debug|x86
		{F0C1BEBE-82E8-4358-90C0-91F02E954968}.Debug|x86.Build.0 = Debug|x86
		{F0C1BEBE-82E8-4358-90C0-91F02E954968}.Release|Any CPU.ActiveCfg = Release|x86
		{F0C1BEBE-82E8-4358-90C0-91F02E954968}.Release|x86.ActiveCfg = Release|x86
		{F0C1BEBE-82E8-4358-90C0-91F02E954968}.Release|x86.Build.0 = Release|x86
	EndGlobalSection
	GlobalSection(SolutionProperties) = preSolution
		HideSolutionNode = FALSE
	EndGlobalSection
	GlobalSection(NestedProjects) = preSolution
		{66BF6F83-90B5-443A-B257-8A7D7BB460CE} = {88352A2B-B0ED-4E41-8AF0-F9C848E376C3}
		{17488111-768E-48D2-94BF-2A4AE26F91BC} = {88352A2B-B0ED-4E41-8AF0-F9C848E376C3}
		{CF9E2169-5788-46FE-998C-3DF4D5948F1C} = {88352A2B-B0ED-4E41-8AF0-F9C848E376C3}
		{21A6E7B0-B499-40C8-8116-447BFDCB7E94} = {88352A2B-B0ED-4E41-8AF0-F9C848E376C3}
		{091A5F9B-9C94-4573-A6B4-4C0BB4722F1E} = {88352A2B-B0ED-4E41-8AF0-F9C848E376C3}
		{A8221980-F06B-420B-9785-24ECA673FC03} = {88352A2B-B0ED-4E41-8AF0-F9C848E376C3}
		{95051F09-EBE8-4A7D-A552-46BE3A94ABCD} = {66BF6F83-90B5-443A-B257-8A7D7BB460CE}
		{52793125-0DFA-4939-AC63-1FBFCA412352} = {66BF6F83-90B5-443A-B257-8A7D7BB460CE}
		{08242D61-73B9-4DDC-9B19-0C42A08190D1} = {66BF6F83-90B5-443A-B257-8A7D7BB460CE}
		{709A1969-97D8-42B6-B062-5DB1F2508C13} = {66BF6F83-90B5-443A-B257-8A7D7BB460CE}
		{69C25DA5-A11D-40D9-98B3-6EC8AFCA93A6} = {66BF6F83-90B5-443A-B257-8A7D7BB460CE}
		{094F8286-B565-4D66-A0F3-B6CFF70896F2} = {66BF6F83-90B5-443A-B257-8A7D7BB460CE}
		{B9CC9704-EA07-4734-8CD1-10002C6A304C} = {66BF6F83-90B5-443A-B257-8A7D7BB460CE}
		{B2430F8E-97A3-4574-8510-124A1DF356D5} = {17488111-768E-48D2-94BF-2A4AE26F91BC}
		{AE725EFD-0289-4F41-A3C2-5DEFC585503E} = {17488111-768E-48D2-94BF-2A4AE26F91BC}
		{11D2F3A1-7069-4F23-85E8-5EBCB1A0313E} = {17488111-768E-48D2-94BF-2A4AE26F91BC}
		{7DC68F8C-E8B9-4E09-AD48-43ED2C462E9D} = {17488111-768E-48D2-94BF-2A4AE26F91BC}
		{0F0DECF0-B489-41B0-A1E1-756120087E9E} = {CF9E2169-5788-46FE-998C-3DF4D5948F1C}
		{C0267288-B42E-4D1A-8F83-47EFA34846A7} = {CF9E2169-5788-46FE-998C-3DF4D5948F1C}
		{74481D13-3B63-490A-B9DB-443946FF6CB2} = {CF9E2169-5788-46FE-998C-3DF4D5948F1C}
		{A1440FDD-CFEB-47FE-BE6B-317817311D95} = {CF9E2169-5788-46FE-998C-3DF4D5948F1C}
		{B586B1F5-E33C-42A9-B0F9-F316DFF0325E} = {21A6E7B0-B499-40C8-8116-447BFDCB7E94}
		{62B3C076-36E4-4CF1-9128-79D620F30505} = {21A6E7B0-B499-40C8-8116-447BFDCB7E94}
		{D79DBDF2-3E09-4B49-8E61-43E8DE487148} = {21A6E7B0-B499-40C8-8116-447BFDCB7E94}
		{B8D45D47-D50A-4ABA-AB8D-473E6C5A1AF5} = {091A5F9B-9C94-4573-A6B4-4C0BB4722F1E}
		{6D7F294E-4918-408F-A4FE-909DE132A99F} = {091A5F9B-9C94-4573-A6B4-4C0BB4722F1E}
		{B16ADC07-248E-46CB-83F6-97AC8E6258CC} = {091A5F9B-9C94-4573-A6B4-4C0BB4722F1E}
		{C07BAA3C-7788-4B13-9707-763ECEAD949E} = {A8221980-F06B-420B-9785-24ECA673FC03}
		{F0C1BEBE-82E8-4358-90C0-91F02E954968} = {A8221980-F06B-420B-9785-24ECA673FC03}
	EndGlobalSection
EndGlobal
