
Microsoft Visual Studio Solution File, Format Version 11.00
# Visual Studio 2010
Project("{FAE04EC0-301F-11D3-BF4B-00C04F79EFBC}") = "01TooSimpleWPF", "TooSimpleWPF\01TooSimpleWPF.csproj", "{ADA04CA6-71F7-447F-8F40-EB7015C3782E}"
EndProject
Project("{FAE04EC0-301F-11D3-BF4B-00C04F79EFBC}") = "02BetterWPF", "BetterWPF\02BetterWPF.csproj", "{1576CE96-17B6-4C09-8DC1-0D27340E0CA8}"
EndProject
Project("{FAE04EC0-301F-11D3-BF4B-00C04F79EFBC}") = "03RealWPF", "RealWPF\03RealWPF.csproj", "{33347E26-1B2D-4AB6-9DEC-625CB6981CA9}"
EndProject
Project("{FAE04EC0-301F-11D3-BF4B-00C04F79EFBC}") = "SingleInstanceApplication", "SingleInstanceApplication\SingleInstanceApplication.csproj", "{BCA9BF1E-5B92-454C-A1C7-D815EEFBB631}"
EndProject
Global
	GlobalSection(SolutionConfigurationPlatforms) = preSolution
		Debug|Any CPU = Debug|Any CPU
		Debug|Mixed Platforms = Debug|Mixed Platforms
		Debug|x86 = Debug|x86
		Release|Any CPU = Release|Any CPU
		Release|Mixed Platforms = Release|Mixed Platforms
		Release|x86 = Release|x86
	EndGlobalSection
	GlobalSection(ProjectConfigurationPlatforms) = postSolution
		{ADA04CA6-71F7-447F-8F40-EB7015C3782E}.Debug|Any CPU.ActiveCfg = Debug|x86
		{ADA04CA6-71F7-447F-8F40-EB7015C3782E}.Debug|Mixed Platforms.ActiveCfg = Debug|x86
		{ADA04CA6-71F7-447F-8F40-EB7015C3782E}.Debug|Mixed Platforms.Build.0 = Debug|x86
		{ADA04CA6-71F7-447F-8F40-EB7015C3782E}.Debug|x86.ActiveCfg = Debug|x86
		{ADA04CA6-71F7-447F-8F40-EB7015C3782E}.Debug|x86.Build.0 = Debug|x86
		{ADA04CA6-71F7-447F-8F40-EB7015C3782E}.Release|Any CPU.ActiveCfg = Release|x86
		{ADA04CA6-71F7-447F-8F40-EB7015C3782E}.Release|Mixed Platforms.ActiveCfg = Release|x86
		{ADA04CA6-71F7-447F-8F40-EB7015C3782E}.Release|Mixed Platforms.Build.0 = Release|x86
		{ADA04CA6-71F7-447F-8F40-EB7015C3782E}.Release|x86.ActiveCfg = Release|x86
		{ADA04CA6-71F7-447F-8F40-EB7015C3782E}.Release|x86.Build.0 = Release|x86
		{1576CE96-17B6-4C09-8DC1-0D27340E0CA8}.Debug|Any CPU.ActiveCfg = Debug|x86
		{1576CE96-17B6-4C09-8DC1-0D27340E0CA8}.Debug|Mixed Platforms.ActiveCfg = Debug|x86
		{1576CE96-17B6-4C09-8DC1-0D27340E0CA8}.Debug|Mixed Platforms.Build.0 = Debug|x86
		{1576CE96-17B6-4C09-8DC1-0D27340E0CA8}.Debug|x86.ActiveCfg = Debug|x86
		{1576CE96-17B6-4C09-8DC1-0D27340E0CA8}.Debug|x86.Build.0 = Debug|x86
		{1576CE96-17B6-4C09-8DC1-0D27340E0CA8}.Release|Any CPU.ActiveCfg = Release|x86
		{1576CE96-17B6-4C09-8DC1-0D27340E0CA8}.Release|Mixed Platforms.ActiveCfg = Release|x86
		{1576CE96-17B6-4C09-8DC1-0D27340E0CA8}.Release|Mixed Platforms.Build.0 = Release|x86
		{1576CE96-17B6-4C09-8DC1-0D27340E0CA8}.Release|x86.ActiveCfg = Release|x86
		{1576CE96-17B6-4C09-8DC1-0D27340E0CA8}.Release|x86.Build.0 = Release|x86
		{33347E26-1B2D-4AB6-9DEC-625CB6981CA9}.Debug|Any CPU.ActiveCfg = Debug|x86
		{33347E26-1B2D-4AB6-9DEC-625CB6981CA9}.Debug|Mixed Platforms.ActiveCfg = Debug|x86
		{33347E26-1B2D-4AB6-9DEC-625CB6981CA9}.Debug|Mixed Platforms.Build.0 = Debug|x86
		{33347E26-1B2D-4AB6-9DEC-625CB6981CA9}.Debug|x86.ActiveCfg = Debug|x86
		{33347E26-1B2D-4AB6-9DEC-625CB6981CA9}.Debug|x86.Build.0 = Debug|x86
		{33347E26-1B2D-4AB6-9DEC-625CB6981CA9}.Release|Any CPU.ActiveCfg = Release|x86
		{33347E26-1B2D-4AB6-9DEC-625CB6981CA9}.Release|Mixed Platforms.ActiveCfg = Release|x86
		{33347E26-1B2D-4AB6-9DEC-625CB6981CA9}.Release|Mixed Platforms.Build.0 = Release|x86
		{33347E26-1B2D-4AB6-9DEC-625CB6981CA9}.Release|x86.ActiveCfg = Release|x86
		{33347E26-1B2D-4AB6-9DEC-625CB6981CA9}.Release|x86.Build.0 = Release|x86
		{BCA9BF1E-5B92-454C-A1C7-D815EEFBB631}.Debug|Any CPU.ActiveCfg = Debug|Any CPU
		{BCA9BF1E-5B92-454C-A1C7-D815EEFBB631}.Debug|Any CPU.Build.0 = Debug|Any CPU
		{BCA9BF1E-5B92-454C-A1C7-D815EEFBB631}.Debug|Mixed Platforms.ActiveCfg = Debug|Any CPU
		{BCA9BF1E-5B92-454C-A1C7-D815EEFBB631}.Debug|Mixed Platforms.Build.0 = Debug|Any CPU
		{BCA9BF1E-5B92-454C-A1C7-D815EEFBB631}.Debug|x86.ActiveCfg = Debug|Any CPU
		{BCA9BF1E-5B92-454C-A1C7-D815EEFBB631}.Release|Any CPU.ActiveCfg = Release|Any CPU
		{BCA9BF1E-5B92-454C-A1C7-D815EEFBB631}.Release|Any CPU.Build.0 = Release|Any CPU
		{BCA9BF1E-5B92-454C-A1C7-D815EEFBB631}.Release|Mixed Platforms.ActiveCfg = Release|Any CPU
		{BCA9BF1E-5B92-454C-A1C7-D815EEFBB631}.Release|Mixed Platforms.Build.0 = Release|Any CPU
		{BCA9BF1E-5B92-454C-A1C7-D815EEFBB631}.Release|x86.ActiveCfg = Release|Any CPU
	EndGlobalSection
	GlobalSection(SolutionProperties) = preSolution
		HideSolutionNode = FALSE
	EndGlobalSection
EndGlobal
