
Microsoft Visual Studio Solution File, Format Version 9.00
# Visual Studio 2005
Project("{FAE04EC0-301F-11D3-BF4B-00C04F79EFBC}") = "UsePackUri", "UsePackUri.csproj", "{342A5E84-49B5-4906-B11D-87792AF755DF}"
EndProject
Global
	GlobalSection(SolutionConfigurationPlatforms) = preSolution
		Debug|Any CPU = Debug|Any CPU
		Release|Any CPU = Release|Any CPU
	EndGlobalSection
	GlobalSection(ProjectConfigurationPlatforms) = postSolution
		{342A5E84-49B5-4906-B11D-87792AF755DF}.Debug|Any CPU.ActiveCfg = Debug|Any CPU
		{342A5E84-49B5-4906-B11D-87792AF755DF}.Debug|Any CPU.Build.0 = Debug|Any CPU
		{342A5E84-49B5-4906-B11D-87792AF755DF}.Release|Any CPU.ActiveCfg = Release|Any CPU
		{342A5E84-49B5-4906-B11D-87792AF755DF}.Release|Any CPU.Build.0 = Release|Any CPU
	EndGlobalSection
	GlobalSection(SolutionProperties) = preSolution
		HideSolutionNode = FALSE
	EndGlobalSection
EndGlobal
