
Microsoft Visual Studio Solution File, Format Version 12.00
# Visual Studio 14
VisualStudioVersion = 14.0.23107.0
MinimumVisualStudioVersion = 10.0.40219.1
Project("{FAE04EC0-301F-11D3-BF4B-00C04F79EFBC}") = "01Demo1", "Demo1\01Demo1.csproj", "{0F630482-1010-4461-B7D4-9575D21B09CE}"
EndProject
Project("{FAE04EC0-301F-11D3-BF4B-00C04F79EFBC}") = "02ContentModel", "02ContentModel\02ContentModel.csproj", "{EF0C9424-B70D-41E7-8279-4D8AE766CA50}"
EndProject
Project("{FAE04EC0-301F-11D3-BF4B-00C04F79EFBC}") = "06ListBox", "05ListBox\06ListBox.csproj", "{CC66A232-146B-4DDF-983A-33DF0574561E}"
EndProject
Project("{FAE04EC0-301F-11D3-BF4B-00C04F79EFBC}") = "07ListBoxWithDataTemplate", "ListBoxWithDataTemplate\07ListBoxWithDataTemplate.csproj", "{2121A715-D58E-45C9-9865-A06CD644473C}"
EndProject
Project("{FAE04EC0-301F-11D3-BF4B-00C04F79EFBC}") = "05HeaderedContent", "HeaderedContent\05HeaderedContent.csproj", "{53323524-4C58-4F9A-8FAC-4BDC84788148}"
EndProject
Project("{FAE04EC0-301F-11D3-BF4B-00C04F79EFBC}") = "08ListBoxWithDisplayMemberPath", "ListBoxWithDisplayMemberPath\08ListBoxWithDisplayMemberPath.csproj", "{AB2B6281-4F12-4270-ACC9-FBDBCEAB4439}"
EndProject
Project("{FAE04EC0-301F-11D3-BF4B-00C04F79EFBC}") = "03DisplayTree", "DisplayTree\03DisplayTree.csproj", "{F826A7D1-BECB-40AE-814E-E264D25506F8}"
EndProject
Project("{FAE04EC0-301F-11D3-BF4B-00C04F79EFBC}") = "04AccessKeyAndRadioButton", "AccessKey\04AccessKeyAndRadioButton.csproj", "{DF606D82-6DA5-47CF-9BA3-7D7C2023F47B}"
EndProject
Global
	GlobalSection(SolutionConfigurationPlatforms) = preSolution
		Debug|Any CPU = Debug|Any CPU
		Debug|Mixed Platforms = Debug|Mixed Platforms
		Debug|x86 = Debug|x86
		Release|Any CPU = Release|Any CPU
		Release|Mixed Platforms = Release|Mixed Platforms
		Release|x86 = Release|x86
	EndGlobalSection
	GlobalSection(ProjectConfigurationPlatforms) = postSolution
		{0F630482-1010-4461-B7D4-9575D21B09CE}.Debug|Any CPU.ActiveCfg = Debug|Any CPU
		{0F630482-1010-4461-B7D4-9575D21B09CE}.Debug|Any CPU.Build.0 = Debug|Any CPU
		{0F630482-1010-4461-B7D4-9575D21B09CE}.Debug|Mixed Platforms.ActiveCfg = Debug|Any CPU
		{0F630482-1010-4461-B7D4-9575D21B09CE}.Debug|Mixed Platforms.Build.0 = Debug|Any CPU
		{0F630482-1010-4461-B7D4-9575D21B09CE}.Debug|x86.ActiveCfg = Debug|Any CPU
		{0F630482-1010-4461-B7D4-9575D21B09CE}.Release|Any CPU.ActiveCfg = Release|Any CPU
		{0F630482-1010-4461-B7D4-9575D21B09CE}.Release|Any CPU.Build.0 = Release|Any CPU
		{0F630482-1010-4461-B7D4-9575D21B09CE}.Release|Mixed Platforms.ActiveCfg = Release|Any CPU
		{0F630482-1010-4461-B7D4-9575D21B09CE}.Release|Mixed Platforms.Build.0 = Release|Any CPU
		{0F630482-1010-4461-B7D4-9575D21B09CE}.Release|x86.ActiveCfg = Release|Any CPU
		{EF0C9424-B70D-41E7-8279-4D8AE766CA50}.Debug|Any CPU.ActiveCfg = Debug|Any CPU
		{EF0C9424-B70D-41E7-8279-4D8AE766CA50}.Debug|Any CPU.Build.0 = Debug|Any CPU
		{EF0C9424-B70D-41E7-8279-4D8AE766CA50}.Debug|Mixed Platforms.ActiveCfg = Debug|Any CPU
		{EF0C9424-B70D-41E7-8279-4D8AE766CA50}.Debug|Mixed Platforms.Build.0 = Debug|Any CPU
		{EF0C9424-B70D-41E7-8279-4D8AE766CA50}.Debug|x86.ActiveCfg = Debug|Any CPU
		{EF0C9424-B70D-41E7-8279-4D8AE766CA50}.Release|Any CPU.ActiveCfg = Release|Any CPU
		{EF0C9424-B70D-41E7-8279-4D8AE766CA50}.Release|Any CPU.Build.0 = Release|Any CPU
		{EF0C9424-B70D-41E7-8279-4D8AE766CA50}.Release|Mixed Platforms.ActiveCfg = Release|Any CPU
		{EF0C9424-B70D-41E7-8279-4D8AE766CA50}.Release|Mixed Platforms.Build.0 = Release|Any CPU
		{EF0C9424-B70D-41E7-8279-4D8AE766CA50}.Release|x86.ActiveCfg = Release|Any CPU
		{CC66A232-146B-4DDF-983A-33DF0574561E}.Debug|Any CPU.ActiveCfg = Debug|Any CPU
		{CC66A232-146B-4DDF-983A-33DF0574561E}.Debug|Any CPU.Build.0 = Debug|Any CPU
		{CC66A232-146B-4DDF-983A-33DF0574561E}.Debug|Mixed Platforms.ActiveCfg = Debug|Any CPU
		{CC66A232-146B-4DDF-983A-33DF0574561E}.Debug|Mixed Platforms.Build.0 = Debug|Any CPU
		{CC66A232-146B-4DDF-983A-33DF0574561E}.Debug|x86.ActiveCfg = Debug|Any CPU
		{CC66A232-146B-4DDF-983A-33DF0574561E}.Release|Any CPU.ActiveCfg = Release|Any CPU
		{CC66A232-146B-4DDF-983A-33DF0574561E}.Release|Any CPU.Build.0 = Release|Any CPU
		{CC66A232-146B-4DDF-983A-33DF0574561E}.Release|Mixed Platforms.ActiveCfg = Release|Any CPU
		{CC66A232-146B-4DDF-983A-33DF0574561E}.Release|Mixed Platforms.Build.0 = Release|Any CPU
		{CC66A232-146B-4DDF-983A-33DF0574561E}.Release|x86.ActiveCfg = Release|Any CPU
		{2121A715-D58E-45C9-9865-A06CD644473C}.Debug|Any CPU.ActiveCfg = Debug|x86
		{2121A715-D58E-45C9-9865-A06CD644473C}.Debug|Mixed Platforms.ActiveCfg = Debug|x86
		{2121A715-D58E-45C9-9865-A06CD644473C}.Debug|Mixed Platforms.Build.0 = Debug|x86
		{2121A715-D58E-45C9-9865-A06CD644473C}.Debug|x86.ActiveCfg = Debug|x86
		{2121A715-D58E-45C9-9865-A06CD644473C}.Debug|x86.Build.0 = Debug|x86
		{2121A715-D58E-45C9-9865-A06CD644473C}.Release|Any CPU.ActiveCfg = Release|x86
		{2121A715-D58E-45C9-9865-A06CD644473C}.Release|Mixed Platforms.ActiveCfg = Release|x86
		{2121A715-D58E-45C9-9865-A06CD644473C}.Release|Mixed Platforms.Build.0 = Release|x86
		{2121A715-D58E-45C9-9865-A06CD644473C}.Release|x86.ActiveCfg = Release|x86
		{2121A715-D58E-45C9-9865-A06CD644473C}.Release|x86.Build.0 = Release|x86
		{53323524-4C58-4F9A-8FAC-4BDC84788148}.Debug|Any CPU.ActiveCfg = Debug|x86
		{53323524-4C58-4F9A-8FAC-4BDC84788148}.Debug|Mixed Platforms.ActiveCfg = Debug|x86
		{53323524-4C58-4F9A-8FAC-4BDC84788148}.Debug|Mixed Platforms.Build.0 = Debug|x86
		{53323524-4C58-4F9A-8FAC-4BDC84788148}.Debug|x86.ActiveCfg = Debug|x86
		{53323524-4C58-4F9A-8FAC-4BDC84788148}.Debug|x86.Build.0 = Debug|x86
		{53323524-4C58-4F9A-8FAC-4BDC84788148}.Release|Any CPU.ActiveCfg = Release|x86
		{53323524-4C58-4F9A-8FAC-4BDC84788148}.Release|Mixed Platforms.ActiveCfg = Release|x86
		{53323524-4C58-4F9A-8FAC-4BDC84788148}.Release|Mixed Platforms.Build.0 = Release|x86
		{53323524-4C58-4F9A-8FAC-4BDC84788148}.Release|x86.ActiveCfg = Release|x86
		{53323524-4C58-4F9A-8FAC-4BDC84788148}.Release|x86.Build.0 = Release|x86
		{AB2B6281-4F12-4270-ACC9-FBDBCEAB4439}.Debug|Any CPU.ActiveCfg = Debug|Any CPU
		{AB2B6281-4F12-4270-ACC9-FBDBCEAB4439}.Debug|Any CPU.Build.0 = Debug|Any CPU
		{AB2B6281-4F12-4270-ACC9-FBDBCEAB4439}.Debug|Mixed Platforms.ActiveCfg = Debug|Any CPU
		{AB2B6281-4F12-4270-ACC9-FBDBCEAB4439}.Debug|Mixed Platforms.Build.0 = Debug|Any CPU
		{AB2B6281-4F12-4270-ACC9-FBDBCEAB4439}.Debug|x86.ActiveCfg = Debug|Any CPU
		{AB2B6281-4F12-4270-ACC9-FBDBCEAB4439}.Release|Any CPU.ActiveCfg = Release|Any CPU
		{AB2B6281-4F12-4270-ACC9-FBDBCEAB4439}.Release|Any CPU.Build.0 = Release|Any CPU
		{AB2B6281-4F12-4270-ACC9-FBDBCEAB4439}.Release|Mixed Platforms.ActiveCfg = Release|Any CPU
		{AB2B6281-4F12-4270-ACC9-FBDBCEAB4439}.Release|Mixed Platforms.Build.0 = Release|Any CPU
		{AB2B6281-4F12-4270-ACC9-FBDBCEAB4439}.Release|x86.ActiveCfg = Release|Any CPU
		{F826A7D1-BECB-40AE-814E-E264D25506F8}.Debug|Any CPU.ActiveCfg = Debug|Any CPU
		{F826A7D1-BECB-40AE-814E-E264D25506F8}.Debug|Any CPU.Build.0 = Debug|Any CPU
		{F826A7D1-BECB-40AE-814E-E264D25506F8}.Debug|Mixed Platforms.ActiveCfg = Debug|Any CPU
		{F826A7D1-BECB-40AE-814E-E264D25506F8}.Debug|Mixed Platforms.Build.0 = Debug|Any CPU
		{F826A7D1-BECB-40AE-814E-E264D25506F8}.Debug|x86.ActiveCfg = Debug|Any CPU
		{F826A7D1-BECB-40AE-814E-E264D25506F8}.Debug|x86.Build.0 = Debug|Any CPU
		{F826A7D1-BECB-40AE-814E-E264D25506F8}.Release|Any CPU.ActiveCfg = Release|Any CPU
		{F826A7D1-BECB-40AE-814E-E264D25506F8}.Release|Any CPU.Build.0 = Release|Any CPU
		{F826A7D1-BECB-40AE-814E-E264D25506F8}.Release|Mixed Platforms.ActiveCfg = Release|Any CPU
		{F826A7D1-BECB-40AE-814E-E264D25506F8}.Release|Mixed Platforms.Build.0 = Release|Any CPU
		{F826A7D1-BECB-40AE-814E-E264D25506F8}.Release|x86.ActiveCfg = Release|Any CPU
		{F826A7D1-BECB-40AE-814E-E264D25506F8}.Release|x86.Build.0 = Release|Any CPU
		{DF606D82-6DA5-47CF-9BA3-7D7C2023F47B}.Debug|Any CPU.ActiveCfg = Debug|Any CPU
		{DF606D82-6DA5-47CF-9BA3-7D7C2023F47B}.Debug|Any CPU.Build.0 = Debug|Any CPU
		{DF606D82-6DA5-47CF-9BA3-7D7C2023F47B}.Debug|Mixed Platforms.ActiveCfg = Debug|Any CPU
		{DF606D82-6DA5-47CF-9BA3-7D7C2023F47B}.Debug|Mixed Platforms.Build.0 = Debug|Any CPU
		{DF606D82-6DA5-47CF-9BA3-7D7C2023F47B}.Debug|x86.ActiveCfg = Debug|Any CPU
		{DF606D82-6DA5-47CF-9BA3-7D7C2023F47B}.Debug|x86.Build.0 = Debug|Any CPU
		{DF606D82-6DA5-47CF-9BA3-7D7C2023F47B}.Release|Any CPU.ActiveCfg = Release|Any CPU
		{DF606D82-6DA5-47CF-9BA3-7D7C2023F47B}.Release|Any CPU.Build.0 = Release|Any CPU
		{DF606D82-6DA5-47CF-9BA3-7D7C2023F47B}.Release|Mixed Platforms.ActiveCfg = Release|Any CPU
		{DF606D82-6DA5-47CF-9BA3-7D7C2023F47B}.Release|Mixed Platforms.Build.0 = Release|Any CPU
		{DF606D82-6DA5-47CF-9BA3-7D7C2023F47B}.Release|x86.ActiveCfg = Release|Any CPU
		{DF606D82-6DA5-47CF-9BA3-7D7C2023F47B}.Release|x86.Build.0 = Release|Any CPU
	EndGlobalSection
	GlobalSection(SolutionProperties) = preSolution
		HideSolutionNode = FALSE
	EndGlobalSection
EndGlobal
